
Microsoft Visual Studio Solution File, Format Version 12.00
# Visual Studio 15
VisualStudioVersion = 15.0.27703.2026
MinimumVisualStudioVersion = 10.0.40219.1
Project("{FAE04EC0-301F-11D3-BF4B-00C04F79EFBC}") = "FaceCv", "FaceCv\FaceCv.csproj", "{A0BB8B21-3D5F-43CB-BD0B-BA287D2166C9}"
EndProject
Project("{D954291E-2A0B-460D-934E-DC6B0785DB48}") = "Emgu.CV", "..\..\..\..\..\Emgu\emgucv-windesktop 3.4.1.2976\Emgu.CV\Emgu.CV.shproj", "{12D024EE-D0A5-4BBC-B7C0-7B18CF1AB262}"
EndProject
Project("{D954291E-2A0B-460D-934E-DC6B0785DB48}") = "Emgu.CV.Contrib", "..\..\..\..\..\Emgu\emgucv-windesktop 3.4.1.2976\Emgu.CV.Contrib\Emgu.CV.Contrib.shproj", "{11E54A7E-778D-466C-A176-71E150976AC1}"
EndProject
Project("{D954291E-2A0B-460D-934E-DC6B0785DB48}") = "Emgu.CV.Cuda", "..\..\..\..\..\Emgu\emgucv-windesktop 3.4.1.2976\Emgu.CV.Cuda\Emgu.CV.Cuda.shproj", "{7B22BB32-C867-45A7-AC53-5BDA820DB91C}"
EndProject
Project("{D954291E-2A0B-460D-934E-DC6B0785DB48}") = "Emgu.CV.OCR", "..\..\..\..\..\Emgu\emgucv-windesktop 3.4.1.2976\Emgu.CV.OCR\Emgu.CV.OCR.shproj", "{7BC723CB-1678-415F-A65F-4027F8758A6F}"
EndProject
Project("{D954291E-2A0B-460D-934E-DC6B0785DB48}") = "Emgu.Util", "..\..\..\..\..\Emgu\emgucv-windesktop 3.4.1.2976\Emgu.Util\Emgu.Util.shproj", "{98561642-5EC3-4244-BAF9-6876D9BA5527}"
EndProject
Global
	GlobalSection(SharedMSBuildProjectFiles) = preSolution
		..\..\..\..\..\Emgu\emgucv-windesktop 3.4.1.2976\Emgu.CV.Contrib\Emgu.CV.Contrib.projitems*{11e54a7e-778d-466c-a176-71e150976ac1}*SharedItemsImports = 13
		..\..\..\..\..\Emgu\emgucv-windesktop 3.4.1.2976\Emgu.CV\Emgu.CV.projitems*{12d024ee-d0a5-4bbc-b7c0-7b18cf1ab262}*SharedItemsImports = 13
		..\..\..\..\..\Emgu\emgucv-windesktop 3.4.1.2976\Emgu.CV.Cuda\Emgu.CV.Cuda.projitems*{7b22bb32-c867-45a7-ac53-5bda820db91c}*SharedItemsImports = 13
		..\..\..\..\..\Emgu\emgucv-windesktop 3.4.1.2976\Emgu.CV.OCR\Emgu.CV.OCR.projitems*{7bc723cb-1678-415f-a65f-4027f8758a6f}*SharedItemsImports = 13
		..\..\..\..\..\Emgu\emgucv-windesktop 3.4.1.2976\Emgu.Util\Emgu.Util.projitems*{98561642-5ec3-4244-baf9-6876d9ba5527}*SharedItemsImports = 13
		..\..\..\..\..\Emgu\emgucv-windesktop 3.4.1.2976\Emgu.CV.Contrib\Emgu.CV.Contrib.projitems*{a0bb8b21-3d5f-43cb-bd0b-ba287d2166c9}*SharedItemsImports = 4
		..\..\..\..\..\Emgu\emgucv-windesktop 3.4.1.2976\Emgu.CV.Cuda\Emgu.CV.Cuda.projitems*{a0bb8b21-3d5f-43cb-bd0b-ba287d2166c9}*SharedItemsImports = 4
		..\..\..\..\..\Emgu\emgucv-windesktop 3.4.1.2976\Emgu.CV.OCR\Emgu.CV.OCR.projitems*{a0bb8b21-3d5f-43cb-bd0b-ba287d2166c9}*SharedItemsImports = 4
		..\..\..\..\..\Emgu\emgucv-windesktop 3.4.1.2976\Emgu.CV\Emgu.CV.projitems*{a0bb8b21-3d5f-43cb-bd0b-ba287d2166c9}*SharedItemsImports = 4
		..\..\..\..\..\Emgu\emgucv-windesktop 3.4.1.2976\Emgu.Util\Emgu.Util.projitems*{a0bb8b21-3d5f-43cb-bd0b-ba287d2166c9}*SharedItemsImports = 4
	EndGlobalSection
	GlobalSection(SolutionConfigurationPlatforms) = preSolution
		Debug|Any CPU = Debug|Any CPU
		Release|Any CPU = Release|Any CPU
	EndGlobalSection
	GlobalSection(ProjectConfigurationPlatforms) = postSolution
		{A0BB8B21-3D5F-43CB-BD0B-BA287D2166C9}.Debug|Any CPU.ActiveCfg = Debug|Any CPU
		{A0BB8B21-3D5F-43CB-BD0B-BA287D2166C9}.Debug|Any CPU.Build.0 = Debug|Any CPU
		{A0BB8B21-3D5F-43CB-BD0B-BA287D2166C9}.Release|Any CPU.ActiveCfg = Release|Any CPU
		{A0BB8B21-3D5F-43CB-BD0B-BA287D2166C9}.Release|Any CPU.Build.0 = Release|Any CPU
	EndGlobalSection
	GlobalSection(SolutionProperties) = preSolution
		HideSolutionNode = FALSE
	EndGlobalSection
	GlobalSection(ExtensibilityGlobals) = postSolution
		SolutionGuid = {6F43D9AD-61A9-4596-ACC5-0023C7707675}
	EndGlobalSection
EndGlobal
